{
  "originHash" : "b55c7da13a4b9fe3073cf47acb491b28775168e2378faeda45caab92398c44e7",
  "pins" : [
    {
      "identity" : "alamofire",
      "kind" : "remoteSourceControl",
      "location" : "https://github.com/Alamofire/Alamofire.git",
      "state" : {
        "revision" : "f455c2975872ccd2d9c81594c658af65716e9b9a",
        "version" : "5.9.1"
      }
    },
    {
      "identity" : "alerttoast",
      "kind" : "remoteSourceControl",
      "location" : "https://github.com/elai950/AlertToast.git",
      "state" : {
        "revision" : "b39252eacd159904afd7d718bba0afabb87f2f2f",
        "version" : "1.3.9"
      }
    },
    {
      "identity" : "carbode-barcode-scanner-for-swiftui",
      "kind" : "remoteSourceControl",
      "location" : "https://github.com/heart/CarBode-Barcode-Scanner-For-SwiftUI",
      "state" : {
        "revision" : "6167624ec47174900434f1c03dfa0b2dd5d19c0d",
        "version" : "2.2.3"
      }
    }
  ],
  "version" : 3
}
