// !$*UTF8*$!
{
	archiveVersion = 1;
	classes = {
	};
	objectVersion = 56;
	objects = {

/* Begin PBXBuildFile section */
		CB59DBE12BF8A3E8008ACE1B /* API.swift in Sources */ = {isa = PBXBuildFile; fileRef = CB59DBE02BF8A3E8008ACE1B /* API.swift */; };
		CB59DBE32BF8A401008ACE1B /* MovieService.swift in Sources */ = {isa = PBXBuildFile; fileRef = CB59DBE22BF8A401008ACE1B /* MovieService.swift */; };
		CB59DBE52BF8A70F008ACE1B /* ReviewService.swift in Sources */ = {isa = PBXBuildFile; fileRef = CB59DBE42BF8A70F008ACE1B /* ReviewService.swift */; };
		CB59DBE72BF8A749008ACE1B /* MovieURL.swift in Sources */ = {isa = PBXBuildFile; fileRef = CB59DBE62BF8A749008ACE1B /* MovieURL.swift */; };
		CB59DBE92BF8A904008ACE1B /* NetworkService.swift in Sources */ = {isa = PBXBuildFile; fileRef = CB59DBE82BF8A904008ACE1B /* NetworkService.swift */; };
		CB7057DE2BFA3F58003A5BD8 /* AsyncImage.swift in Sources */ = {isa = PBXBuildFile; fileRef = CB7057D92BFA3F58003A5BD8 /* AsyncImage.swift */; };
		CB7057DF2BFA3F58003A5BD8 /* EnvironmentValues.swift in Sources */ = {isa = PBXBuildFile; fileRef = CB7057DA2BFA3F58003A5BD8 /* EnvironmentValues.swift */; };
		CB7057E02BFA3F58003A5BD8 /* ImageCache.swift in Sources */ = {isa = PBXBuildFile; fileRef = CB7057DB2BFA3F58003A5BD8 /* ImageCache.swift */; };
		CB7057E12BFA3F58003A5BD8 /* ImageLoader.swift in Sources */ = {isa = PBXBuildFile; fileRef = CB7057DC2BFA3F58003A5BD8 /* ImageLoader.swift */; };
		CB7057EA2BFA3F65003A5BD8 /* TicketModel.swift in Sources */ = {isa = PBXBuildFile; fileRef = CB7057E22BFA3F65003A5BD8 /* TicketModel.swift */; };
		CB7057EB2BFA3F65003A5BD8 /* Genre.swift in Sources */ = {isa = PBXBuildFile; fileRef = CB7057E32BFA3F65003A5BD8 /* Genre.swift */; };
		CB7057EC2BFA3F65003A5BD8 /* Seat.swift in Sources */ = {isa = PBXBuildFile; fileRef = CB7057E42BFA3F65003A5BD8 /* Seat.swift */; };
		CB7057ED2BFA3F65003A5BD8 /* Cast.swift in Sources */ = {isa = PBXBuildFile; fileRef = CB7057E52BFA3F65003A5BD8 /* Cast.swift */; };
		CB7057EE2BFA3F65003A5BD8 /* Actor.swift in Sources */ = {isa = PBXBuildFile; fileRef = CB7057E62BFA3F65003A5BD8 /* Actor.swift */; };
		CB7057EF2BFA3F65003A5BD8 /* Review.swift in Sources */ = {isa = PBXBuildFile; fileRef = CB7057E72BFA3F65003A5BD8 /* Review.swift */; };
		CB7057F02BFA3F65003A5BD8 /* Film.swift in Sources */ = {isa = PBXBuildFile; fileRef = CB7057E82BFA3F65003A5BD8 /* Film.swift */; };
		CB7057F12BFA3F65003A5BD8 /* TicketDate.swift in Sources */ = {isa = PBXBuildFile; fileRef = CB7057E92BFA3F65003A5BD8 /* TicketDate.swift */; };
		CB7058032BFA3F7B003A5BD8 /* Blur.swift in Sources */ = {isa = PBXBuildFile; fileRef = CB7057F22BFA3F7B003A5BD8 /* Blur.swift */; };
		CB7058042BFA3F7B003A5BD8 /* CategoryView.swift in Sources */ = {isa = PBXBuildFile; fileRef = CB7057F32BFA3F7B003A5BD8 /* CategoryView.swift */; };
		CB7058052BFA3F7B003A5BD8 /* FilmCard.swift in Sources */ = {isa = PBXBuildFile; fileRef = CB7057F42BFA3F7B003A5BD8 /* FilmCard.swift */; };
		CB7058062BFA3F7B003A5BD8 /* FilmDetail.swift in Sources */ = {isa = PBXBuildFile; fileRef = CB7057F52BFA3F7B003A5BD8 /* FilmDetail.swift */; };
		CB7058072BFA3F7B003A5BD8 /* SeatsChoiceView.swift in Sources */ = {isa = PBXBuildFile; fileRef = CB7057F62BFA3F7B003A5BD8 /* SeatsChoiceView.swift */; };
		CB7058082BFA3F7B003A5BD8 /* StarsRating.swift in Sources */ = {isa = PBXBuildFile; fileRef = CB7057F72BFA3F7B003A5BD8 /* StarsRating.swift */; };
		CB7058092BFA3F7B003A5BD8 /* ChairLegend.swift in Sources */ = {isa = PBXBuildFile; fileRef = CB7057F92BFA3F7B003A5BD8 /* ChairLegend.swift */; };
		CB70580A2BFA3F7B003A5BD8 /* ChairView.swift in Sources */ = {isa = PBXBuildFile; fileRef = CB7057FA2BFA3F7B003A5BD8 /* ChairView.swift */; };
		CB70580B2BFA3F7B003A5BD8 /* DateExt.swift in Sources */ = {isa = PBXBuildFile; fileRef = CB7057FB2BFA3F7B003A5BD8 /* DateExt.swift */; };
		CB70580C2BFA3F7B003A5BD8 /* DateShape.swift in Sources */ = {isa = PBXBuildFile; fileRef = CB7057FC2BFA3F7B003A5BD8 /* DateShape.swift */; };
		CB70580D2BFA3F7B003A5BD8 /* DateTimeView.swift in Sources */ = {isa = PBXBuildFile; fileRef = CB7057FD2BFA3F7B003A5BD8 /* DateTimeView.swift */; };
		CB70580E2BFA3F7B003A5BD8 /* DateView.swift in Sources */ = {isa = PBXBuildFile; fileRef = CB7057FE2BFA3F7B003A5BD8 /* DateView.swift */; };
		CB70580F2BFA3F7B003A5BD8 /* ScreenShape.swift in Sources */ = {isa = PBXBuildFile; fileRef = CB7057FF2BFA3F7B003A5BD8 /* ScreenShape.swift */; };
		CB7058102BFA3F7B003A5BD8 /* TheatreView.swift in Sources */ = {isa = PBXBuildFile; fileRef = CB7058002BFA3F7B003A5BD8 /* TheatreView.swift */; };
		CB7058112BFA3F7B003A5BD8 /* TimeView.swift in Sources */ = {isa = PBXBuildFile; fileRef = CB7058012BFA3F7B003A5BD8 /* TimeView.swift */; };
		CB7058142BFA3FB1003A5BD8 /* Alamofire in Frameworks */ = {isa = PBXBuildFile; productRef = CB7058132BFA3FB1003A5BD8 /* Alamofire */; };
		CB7058172BFA3FB8003A5BD8 /* CarBode in Frameworks */ = {isa = PBXBuildFile; productRef = CB7058162BFA3FB8003A5BD8 /* CarBode */; };
		CB70581A2BFA3FBD003A5BD8 /* AlertToast in Frameworks */ = {isa = PBXBuildFile; productRef = CB7058192BFA3FBD003A5BD8 /* AlertToast */; };
		CB70581C2BFA443A003A5BD8 /* Ticket.swift in Sources */ = {isa = PBXBuildFile; fileRef = CB70581B2BFA443A003A5BD8 /* Ticket.swift */; };
		CB70581E2BFA4464003A5BD8 /* LCButton.swift in Sources */ = {isa = PBXBuildFile; fileRef = CB70581D2BFA4464003A5BD8 /* LCButton.swift */; };
		CBAE92602BEFE3F200F9852E /* MovieBookingApp.swift in Sources */ = {isa = PBXBuildFile; fileRef = CBAE925F2BEFE3F200F9852E /* MovieBookingApp.swift */; };
		CBAE92642BEFE3F400F9852E /* Assets.xcassets in Resources */ = {isa = PBXBuildFile; fileRef = CBAE92632BEFE3F400F9852E /* Assets.xcassets */; };
		CBAE92672BEFE3F400F9852E /* Preview Assets.xcassets in Resources */ = {isa = PBXBuildFile; fileRef = CBAE92662BEFE3F400F9852E /* Preview Assets.xcassets */; };
		CBEB56B22BF66C77009476E9 /* CircleButton.swift in Sources */ = {isa = PBXBuildFile; fileRef = CBEB568F2BF66C77009476E9 /* CircleButton.swift */; };
		CBEB56B32BF66C77009476E9 /* DateButton.swift in Sources */ = {isa = PBXBuildFile; fileRef = CBEB56902BF66C77009476E9 /* DateButton.swift */; };
		CBEB56B42BF66C77009476E9 /* LargeButton.swift in Sources */ = {isa = PBXBuildFile; fileRef = CBEB56912BF66C77009476E9 /* LargeButton.swift */; };
		CBEB56B52BF66C77009476E9 /* RoundButton.swift in Sources */ = {isa = PBXBuildFile; fileRef = CBEB56922BF66C77009476E9 /* RoundButton.swift */; };
		CBEB56B62BF66C77009476E9 /* TimeButton.swift in Sources */ = {isa = PBXBuildFile; fileRef = CBEB56932BF66C77009476E9 /* TimeButton.swift */; };
		CBEB56B72BF66C77009476E9 /* CircleBackground.swift in Sources */ = {isa = PBXBuildFile; fileRef = CBEB56952BF66C77009476E9 /* CircleBackground.swift */; };
		CBEB56B82BF66C77009476E9 /* CustomSearchBar.swift in Sources */ = {isa = PBXBuildFile; fileRef = CBEB56962BF66C77009476E9 /* CustomSearchBar.swift */; };
		CBEB56B92BF66C77009476E9 /* CustomTabBar.swift in Sources */ = {isa = PBXBuildFile; fileRef = CBEB56972BF66C77009476E9 /* CustomTabBar.swift */; };
		CBEB56BA2BF66C77009476E9 /* ScrollSection.swift in Sources */ = {isa = PBXBuildFile; fileRef = CBEB56982BF66C77009476E9 /* ScrollSection.swift */; };
		CBEB56BB2BF66C77009476E9 /* StatusUI.swift in Sources */ = {isa = PBXBuildFile; fileRef = CBEB56992BF66C77009476E9 /* StatusUI.swift */; };
		CBEB56BC2BF66C77009476E9 /* BookingView.swift in Sources */ = {isa = PBXBuildFile; fileRef = CBEB569B2BF66C77009476E9 /* BookingView.swift */; };
		CBEB56BD2BF66C77009476E9 /* ETicketsView.swift in Sources */ = {isa = PBXBuildFile; fileRef = CBEB569C2BF66C77009476E9 /* ETicketsView.swift */; };
		CBEB56BE2BF66C77009476E9 /* ETicketView.swift in Sources */ = {isa = PBXBuildFile; fileRef = CBEB569D2BF66C77009476E9 /* ETicketView.swift */; };
		CBEB56BF2BF66C77009476E9 /* HomeView.swift in Sources */ = {isa = PBXBuildFile; fileRef = CBEB569E2BF66C77009476E9 /* HomeView.swift */; };
		CBEB56C02BF66C77009476E9 /* SeatsView.swift in Sources */ = {isa = PBXBuildFile; fileRef = CBEB569F2BF66C77009476E9 /* SeatsView.swift */; };
		CBEB56C12BF66C77009476E9 /* TicketView.swift in Sources */ = {isa = PBXBuildFile; fileRef = CBEB56A02BF66C77009476E9 /* TicketView.swift */; };
		CBEB56C52BF66C77009476E9 /* Font.swift in Sources */ = {isa = PBXBuildFile; fileRef = CBEB56A52BF66C77009476E9 /* Font.swift */; };
		CBEB56C62BF66C77009476E9 /* homePage.swift in Sources */ = {isa = PBXBuildFile; fileRef = CBEB56A62BF66C77009476E9 /* homePage.swift */; };
		CBEB56C72BF66C77009476E9 /* loginPage.swift in Sources */ = {isa = PBXBuildFile; fileRef = CBEB56A72BF66C77009476E9 /* loginPage.swift */; };
		CBEB56CA2BF66C77009476E9 /* signUp.swift in Sources */ = {isa = PBXBuildFile; fileRef = CBEB56AA2BF66C77009476E9 /* signUp.swift */; };
		CBEB56CB2BF66C77009476E9 /* userProfile.swift in Sources */ = {isa = PBXBuildFile; fileRef = CBEB56AB2BF66C77009476E9 /* userProfile.swift */; };
		CBEB56CC2BF66C77009476E9 /* Poster.swift in Sources */ = {isa = PBXBuildFile; fileRef = CBEB56AD2BF66C77009476E9 /* Poster.swift */; };
		CBEB56CD2BF66C77009476E9 /* Tab.swift in Sources */ = {isa = PBXBuildFile; fileRef = CBEB56AE2BF66C77009476E9 /* Tab.swift */; };
		CBEB56CF2BF66C77009476E9 /* ContentView.swift in Sources */ = {isa = PBXBuildFile; fileRef = CBEB56B12BF66C77009476E9 /* ContentView.swift */; };
		CBEB56D12BF66DED009476E9 /* utils.swift in Sources */ = {isa = PBXBuildFile; fileRef = CBEB56D02BF66DED009476E9 /* utils.swift */; };
		CBEB56D82BF685BA009476E9 /* CinemaBookingView.swift in Sources */ = {isa = PBXBuildFile; fileRef = CBEB56D32BF685BA009476E9 /* CinemaBookingView.swift */; };
		CBEB56D92BF685BA009476E9 /* Cinema.swift in Sources */ = {isa = PBXBuildFile; fileRef = CBEB56D42BF685BA009476E9 /* Cinema.swift */; };
		CBEB56DA2BF685BA009476E9 /* MapContentView.swift in Sources */ = {isa = PBXBuildFile; fileRef = CBEB56D52BF685BA009476E9 /* MapContentView.swift */; };
		CBEB56DB2BF685BA009476E9 /* CinemaMapView.swift in Sources */ = {isa = PBXBuildFile; fileRef = CBEB56D62BF685BA009476E9 /* CinemaMapView.swift */; };
		CBEB56DC2BF685BA009476E9 /* CinemaListView.swift in Sources */ = {isa = PBXBuildFile; fileRef = CBEB56D72BF685BA009476E9 /* CinemaListView.swift */; };
		DA6FB7042BF8BD73000B98D7 /* UserModel.xcdatamodeld in Sources */ = {isa = PBXBuildFile; fileRef = DA6FB7022BF8BD73000B98D7 /* UserModel.xcdatamodeld */; };
		DA6FB7062BF8BE59000B98D7 /* DataManager.swift in Sources */ = {isa = PBXBuildFile; fileRef = DA6FB7052BF8BE59000B98D7 /* DataManager.swift */; };
		DA6FB70C2BF93C88000B98D7 /* LargeButtonTemplate.swift in Sources */ = {isa = PBXBuildFile; fileRef = DA6FB70B2BF93C88000B98D7 /* LargeButtonTemplate.swift */; };
		DAC89B872BF123BB00FB56AA /* userDetails.swift in Sources */ = {isa = PBXBuildFile; fileRef = DAC89B862BF123BB00FB56AA /* userDetails.swift */; };
/* End PBXBuildFile section */

/* Begin PBXFileReference section */
		CB59DBE02BF8A3E8008ACE1B /* API.swift */ = {isa = PBXFileReference; lastKnownFileType = sourcecode.swift; path = API.swift; sourceTree = "<group>"; };
		CB59DBE22BF8A401008ACE1B /* MovieService.swift */ = {isa = PBXFileReference; lastKnownFileType = sourcecode.swift; path = MovieService.swift; sourceTree = "<group>"; };
		CB59DBE42BF8A70F008ACE1B /* ReviewService.swift */ = {isa = PBXFileReference; lastKnownFileType = sourcecode.swift; path = ReviewService.swift; sourceTree = "<group>"; };
		CB59DBE62BF8A749008ACE1B /* MovieURL.swift */ = {isa = PBXFileReference; lastKnownFileType = sourcecode.swift; path = MovieURL.swift; sourceTree = "<group>"; };
		CB59DBE82BF8A904008ACE1B /* NetworkService.swift */ = {isa = PBXFileReference; lastKnownFileType = sourcecode.swift; path = NetworkService.swift; sourceTree = "<group>"; };
		CB7057D92BFA3F58003A5BD8 /* AsyncImage.swift */ = {isa = PBXFileReference; fileEncoding = 4; lastKnownFileType = sourcecode.swift; path = AsyncImage.swift; sourceTree = "<group>"; };
		CB7057DA2BFA3F58003A5BD8 /* EnvironmentValues.swift */ = {isa = PBXFileReference; fileEncoding = 4; lastKnownFileType = sourcecode.swift; path = EnvironmentValues.swift; sourceTree = "<group>"; };
		CB7057DB2BFA3F58003A5BD8 /* ImageCache.swift */ = {isa = PBXFileReference; fileEncoding = 4; lastKnownFileType = sourcecode.swift; path = ImageCache.swift; sourceTree = "<group>"; };
		CB7057DC2BFA3F58003A5BD8 /* ImageLoader.swift */ = {isa = PBXFileReference; fileEncoding = 4; lastKnownFileType = sourcecode.swift; path = ImageLoader.swift; sourceTree = "<group>"; };
		CB7057E22BFA3F65003A5BD8 /* TicketModel.swift */ = {isa = PBXFileReference; fileEncoding = 4; lastKnownFileType = sourcecode.swift; path = TicketModel.swift; sourceTree = "<group>"; };
		CB7057E32BFA3F65003A5BD8 /* Genre.swift */ = {isa = PBXFileReference; fileEncoding = 4; lastKnownFileType = sourcecode.swift; path = Genre.swift; sourceTree = "<group>"; };
		CB7057E42BFA3F65003A5BD8 /* Seat.swift */ = {isa = PBXFileReference; fileEncoding = 4; lastKnownFileType = sourcecode.swift; path = Seat.swift; sourceTree = "<group>"; };
		CB7057E52BFA3F65003A5BD8 /* Cast.swift */ = {isa = PBXFileReference; fileEncoding = 4; lastKnownFileType = sourcecode.swift; path = Cast.swift; sourceTree = "<group>"; };
		CB7057E62BFA3F65003A5BD8 /* Actor.swift */ = {isa = PBXFileReference; fileEncoding = 4; lastKnownFileType = sourcecode.swift; path = Actor.swift; sourceTree = "<group>"; };
		CB7057E72BFA3F65003A5BD8 /* Review.swift */ = {isa = PBXFileReference; fileEncoding = 4; lastKnownFileType = sourcecode.swift; path = Review.swift; sourceTree = "<group>"; };
		CB7057E82BFA3F65003A5BD8 /* Film.swift */ = {isa = PBXFileReference; fileEncoding = 4; lastKnownFileType = sourcecode.swift; path = Film.swift; sourceTree = "<group>"; };
		CB7057E92BFA3F65003A5BD8 /* TicketDate.swift */ = {isa = PBXFileReference; fileEncoding = 4; lastKnownFileType = sourcecode.swift; path = TicketDate.swift; sourceTree = "<group>"; };
		CB7057F22BFA3F7B003A5BD8 /* Blur.swift */ = {isa = PBXFileReference; fileEncoding = 4; lastKnownFileType = sourcecode.swift; path = Blur.swift; sourceTree = "<group>"; };
		CB7057F32BFA3F7B003A5BD8 /* CategoryView.swift */ = {isa = PBXFileReference; fileEncoding = 4; lastKnownFileType = sourcecode.swift; path = CategoryView.swift; sourceTree = "<group>"; };
		CB7057F42BFA3F7B003A5BD8 /* FilmCard.swift */ = {isa = PBXFileReference; fileEncoding = 4; lastKnownFileType = sourcecode.swift; path = FilmCard.swift; sourceTree = "<group>"; };
		CB7057F52BFA3F7B003A5BD8 /* FilmDetail.swift */ = {isa = PBXFileReference; fileEncoding = 4; lastKnownFileType = sourcecode.swift; path = FilmDetail.swift; sourceTree = "<group>"; };
		CB7057F62BFA3F7B003A5BD8 /* SeatsChoiceView.swift */ = {isa = PBXFileReference; fileEncoding = 4; lastKnownFileType = sourcecode.swift; path = SeatsChoiceView.swift; sourceTree = "<group>"; };
		CB7057F72BFA3F7B003A5BD8 /* StarsRating.swift */ = {isa = PBXFileReference; fileEncoding = 4; lastKnownFileType = sourcecode.swift; path = StarsRating.swift; sourceTree = "<group>"; };
		CB7057F92BFA3F7B003A5BD8 /* ChairLegend.swift */ = {isa = PBXFileReference; fileEncoding = 4; lastKnownFileType = sourcecode.swift; path = ChairLegend.swift; sourceTree = "<group>"; };
		CB7057FA2BFA3F7B003A5BD8 /* ChairView.swift */ = {isa = PBXFileReference; fileEncoding = 4; lastKnownFileType = sourcecode.swift; path = ChairView.swift; sourceTree = "<group>"; };
		CB7057FB2BFA3F7B003A5BD8 /* DateExt.swift */ = {isa = PBXFileReference; fileEncoding = 4; lastKnownFileType = sourcecode.swift; path = DateExt.swift; sourceTree = "<group>"; };
		CB7057FC2BFA3F7B003A5BD8 /* DateShape.swift */ = {isa = PBXFileReference; fileEncoding = 4; lastKnownFileType = sourcecode.swift; path = DateShape.swift; sourceTree = "<group>"; };
		CB7057FD2BFA3F7B003A5BD8 /* DateTimeView.swift */ = {isa = PBXFileReference; fileEncoding = 4; lastKnownFileType = sourcecode.swift; path = DateTimeView.swift; sourceTree = "<group>"; };
		CB7057FE2BFA3F7B003A5BD8 /* DateView.swift */ = {isa = PBXFileReference; fileEncoding = 4; lastKnownFileType = sourcecode.swift; path = DateView.swift; sourceTree = "<group>"; };
		CB7057FF2BFA3F7B003A5BD8 /* ScreenShape.swift */ = {isa = PBXFileReference; fileEncoding = 4; lastKnownFileType = sourcecode.swift; path = ScreenShape.swift; sourceTree = "<group>"; };
		CB7058002BFA3F7B003A5BD8 /* TheatreView.swift */ = {isa = PBXFileReference; fileEncoding = 4; lastKnownFileType = sourcecode.swift; path = TheatreView.swift; sourceTree = "<group>"; };
		CB7058012BFA3F7B003A5BD8 /* TimeView.swift */ = {isa = PBXFileReference; fileEncoding = 4; lastKnownFileType = sourcecode.swift; path = TimeView.swift; sourceTree = "<group>"; };
		CB70581B2BFA443A003A5BD8 /* Ticket.swift */ = {isa = PBXFileReference; lastKnownFileType = sourcecode.swift; path = Ticket.swift; sourceTree = "<group>"; };
		CB70581D2BFA4464003A5BD8 /* LCButton.swift */ = {isa = PBXFileReference; lastKnownFileType = sourcecode.swift; path = LCButton.swift; sourceTree = "<group>"; };
		CBAE925C2BEFE3F200F9852E /* MovieBooking.app */ = {isa = PBXFileReference; explicitFileType = wrapper.application; includeInIndex = 0; path = MovieBooking.app; sourceTree = BUILT_PRODUCTS_DIR; };
		CBAE925F2BEFE3F200F9852E /* MovieBookingApp.swift */ = {isa = PBXFileReference; lastKnownFileType = sourcecode.swift; path = MovieBookingApp.swift; sourceTree = "<group>"; };
		CBAE92632BEFE3F400F9852E /* Assets.xcassets */ = {isa = PBXFileReference; lastKnownFileType = folder.assetcatalog; path = Assets.xcassets; sourceTree = "<group>"; };
		CBAE92662BEFE3F400F9852E /* Preview Assets.xcassets */ = {isa = PBXFileReference; lastKnownFileType = folder.assetcatalog; path = "Preview Assets.xcassets"; sourceTree = "<group>"; };
		CBEB568F2BF66C77009476E9 /* CircleButton.swift */ = {isa = PBXFileReference; fileEncoding = 4; lastKnownFileType = sourcecode.swift; path = CircleButton.swift; sourceTree = "<group>"; };
		CBEB56902BF66C77009476E9 /* DateButton.swift */ = {isa = PBXFileReference; fileEncoding = 4; lastKnownFileType = sourcecode.swift; path = DateButton.swift; sourceTree = "<group>"; };
		CBEB56912BF66C77009476E9 /* LargeButton.swift */ = {isa = PBXFileReference; fileEncoding = 4; lastKnownFileType = sourcecode.swift; path = LargeButton.swift; sourceTree = "<group>"; };
		CBEB56922BF66C77009476E9 /* RoundButton.swift */ = {isa = PBXFileReference; fileEncoding = 4; lastKnownFileType = sourcecode.swift; path = RoundButton.swift; sourceTree = "<group>"; };
		CBEB56932BF66C77009476E9 /* TimeButton.swift */ = {isa = PBXFileReference; fileEncoding = 4; lastKnownFileType = sourcecode.swift; path = TimeButton.swift; sourceTree = "<group>"; };
		CBEB56952BF66C77009476E9 /* CircleBackground.swift */ = {isa = PBXFileReference; fileEncoding = 4; lastKnownFileType = sourcecode.swift; path = CircleBackground.swift; sourceTree = "<group>"; };
		CBEB56962BF66C77009476E9 /* CustomSearchBar.swift */ = {isa = PBXFileReference; fileEncoding = 4; lastKnownFileType = sourcecode.swift; path = CustomSearchBar.swift; sourceTree = "<group>"; };
		CBEB56972BF66C77009476E9 /* CustomTabBar.swift */ = {isa = PBXFileReference; fileEncoding = 4; lastKnownFileType = sourcecode.swift; path = CustomTabBar.swift; sourceTree = "<group>"; };
		CBEB56982BF66C77009476E9 /* ScrollSection.swift */ = {isa = PBXFileReference; fileEncoding = 4; lastKnownFileType = sourcecode.swift; path = ScrollSection.swift; sourceTree = "<group>"; };
		CBEB56992BF66C77009476E9 /* StatusUI.swift */ = {isa = PBXFileReference; fileEncoding = 4; lastKnownFileType = sourcecode.swift; path = StatusUI.swift; sourceTree = "<group>"; };
		CBEB569B2BF66C77009476E9 /* BookingView.swift */ = {isa = PBXFileReference; fileEncoding = 4; lastKnownFileType = sourcecode.swift; path = BookingView.swift; sourceTree = "<group>"; };
		CBEB569C2BF66C77009476E9 /* ETicketsView.swift */ = {isa = PBXFileReference; fileEncoding = 4; lastKnownFileType = sourcecode.swift; path = ETicketsView.swift; sourceTree = "<group>"; };
		CBEB569D2BF66C77009476E9 /* ETicketView.swift */ = {isa = PBXFileReference; fileEncoding = 4; lastKnownFileType = sourcecode.swift; path = ETicketView.swift; sourceTree = "<group>"; };
		CBEB569E2BF66C77009476E9 /* HomeView.swift */ = {isa = PBXFileReference; fileEncoding = 4; lastKnownFileType = sourcecode.swift; path = HomeView.swift; sourceTree = "<group>"; };
		CBEB569F2BF66C77009476E9 /* SeatsView.swift */ = {isa = PBXFileReference; fileEncoding = 4; lastKnownFileType = sourcecode.swift; path = SeatsView.swift; sourceTree = "<group>"; };
		CBEB56A02BF66C77009476E9 /* TicketView.swift */ = {isa = PBXFileReference; fileEncoding = 4; lastKnownFileType = sourcecode.swift; path = TicketView.swift; sourceTree = "<group>"; };
		CBEB56A52BF66C77009476E9 /* Font.swift */ = {isa = PBXFileReference; fileEncoding = 4; lastKnownFileType = sourcecode.swift; path = Font.swift; sourceTree = "<group>"; };
		CBEB56A62BF66C77009476E9 /* homePage.swift */ = {isa = PBXFileReference; fileEncoding = 4; lastKnownFileType = sourcecode.swift; path = homePage.swift; sourceTree = "<group>"; };
		CBEB56A72BF66C77009476E9 /* loginPage.swift */ = {isa = PBXFileReference; fileEncoding = 4; lastKnownFileType = sourcecode.swift; path = loginPage.swift; sourceTree = "<group>"; };
		CBEB56AA2BF66C77009476E9 /* signUp.swift */ = {isa = PBXFileReference; fileEncoding = 4; lastKnownFileType = sourcecode.swift; path = signUp.swift; sourceTree = "<group>"; };
		CBEB56AB2BF66C77009476E9 /* userProfile.swift */ = {isa = PBXFileReference; fileEncoding = 4; lastKnownFileType = sourcecode.swift; path = userProfile.swift; sourceTree = "<group>"; };
		CBEB56AD2BF66C77009476E9 /* Poster.swift */ = {isa = PBXFileReference; fileEncoding = 4; lastKnownFileType = sourcecode.swift; path = Poster.swift; sourceTree = "<group>"; };
		CBEB56AE2BF66C77009476E9 /* Tab.swift */ = {isa = PBXFileReference; fileEncoding = 4; lastKnownFileType = sourcecode.swift; path = Tab.swift; sourceTree = "<group>"; };
		CBEB56B12BF66C77009476E9 /* ContentView.swift */ = {isa = PBXFileReference; fileEncoding = 4; lastKnownFileType = sourcecode.swift; path = ContentView.swift; sourceTree = "<group>"; };
		CBEB56D02BF66DED009476E9 /* utils.swift */ = {isa = PBXFileReference; fileEncoding = 4; lastKnownFileType = sourcecode.swift; path = utils.swift; sourceTree = "<group>"; };
		CBEB56D32BF685BA009476E9 /* CinemaBookingView.swift */ = {isa = PBXFileReference; fileEncoding = 4; lastKnownFileType = sourcecode.swift; path = CinemaBookingView.swift; sourceTree = "<group>"; };
		CBEB56D42BF685BA009476E9 /* Cinema.swift */ = {isa = PBXFileReference; fileEncoding = 4; lastKnownFileType = sourcecode.swift; path = Cinema.swift; sourceTree = "<group>"; };
		CBEB56D52BF685BA009476E9 /* MapContentView.swift */ = {isa = PBXFileReference; fileEncoding = 4; lastKnownFileType = sourcecode.swift; path = MapContentView.swift; sourceTree = "<group>"; };
		CBEB56D62BF685BA009476E9 /* CinemaMapView.swift */ = {isa = PBXFileReference; fileEncoding = 4; lastKnownFileType = sourcecode.swift; path = CinemaMapView.swift; sourceTree = "<group>"; };
		CBEB56D72BF685BA009476E9 /* CinemaListView.swift */ = {isa = PBXFileReference; fileEncoding = 4; lastKnownFileType = sourcecode.swift; path = CinemaListView.swift; sourceTree = "<group>"; };
		DA6FB7032BF8BD73000B98D7 /* UserModel.xcdatamodel */ = {isa = PBXFileReference; lastKnownFileType = wrapper.xcdatamodel; path = UserModel.xcdatamodel; sourceTree = "<group>"; };
		DA6FB7052BF8BE59000B98D7 /* DataManager.swift */ = {isa = PBXFileReference; lastKnownFileType = sourcecode.swift; path = DataManager.swift; sourceTree = "<group>"; };
		DA6FB70B2BF93C88000B98D7 /* LargeButtonTemplate.swift */ = {isa = PBXFileReference; lastKnownFileType = sourcecode.swift; path = LargeButtonTemplate.swift; sourceTree = "<group>"; };
		DAC89B862BF123BB00FB56AA /* userDetails.swift */ = {isa = PBXFileReference; lastKnownFileType = sourcecode.swift; path = userDetails.swift; sourceTree = "<group>"; };
/* End PBXFileReference section */

/* Begin PBXFrameworksBuildPhase section */
		CBAE92592BEFE3F200F9852E /* Frameworks */ = {
			isa = PBXFrameworksBuildPhase;
			buildActionMask = 2147483647;
			files = (
				CB70581A2BFA3FBD003A5BD8 /* AlertToast in Frameworks */,
				CB7058142BFA3FB1003A5BD8 /* Alamofire in Frameworks */,
				CB7058172BFA3FB8003A5BD8 /* CarBode in Frameworks */,
			);
			runOnlyForDeploymentPostprocessing = 0;
		};
/* End PBXFrameworksBuildPhase section */

/* Begin PBXGroup section */
		CB59DBDF2BF8A3C4008ACE1B /* tmdbAPI */ = {
			isa = PBXGroup;
			children = (
				CB59DBE02BF8A3E8008ACE1B /* API.swift */,
				CB59DBE22BF8A401008ACE1B /* MovieService.swift */,
				CB59DBE42BF8A70F008ACE1B /* ReviewService.swift */,
				CB59DBE62BF8A749008ACE1B /* MovieURL.swift */,
				CB59DBE82BF8A904008ACE1B /* NetworkService.swift */,
			);
			path = tmdbAPI;
			sourceTree = "<group>";
		};
		CB7057DD2BFA3F58003A5BD8 /* AsyncImage */ = {
			isa = PBXGroup;
			children = (
				CB7057D92BFA3F58003A5BD8 /* AsyncImage.swift */,
				CB7057DA2BFA3F58003A5BD8 /* EnvironmentValues.swift */,
				CB7057DB2BFA3F58003A5BD8 /* ImageCache.swift */,
				CB7057DC2BFA3F58003A5BD8 /* ImageLoader.swift */,
			);
			path = AsyncImage;
			sourceTree = "<group>";
		};
		CB7057F82BFA3F7B003A5BD8 /* Category */ = {
			isa = PBXGroup;
			children = (
				CB7057F22BFA3F7B003A5BD8 /* Blur.swift */,
				CB7057F32BFA3F7B003A5BD8 /* CategoryView.swift */,
				CB7057F42BFA3F7B003A5BD8 /* FilmCard.swift */,
				CB7057F52BFA3F7B003A5BD8 /* FilmDetail.swift */,
				CB7057F62BFA3F7B003A5BD8 /* SeatsChoiceView.swift */,
				CB7057F72BFA3F7B003A5BD8 /* StarsRating.swift */,
				CB70581B2BFA443A003A5BD8 /* Ticket.swift */,
				CB70581D2BFA4464003A5BD8 /* LCButton.swift */,
			);
			path = Category;
			sourceTree = "<group>";
		};
		CB7058022BFA3F7B003A5BD8 /* SeatSelection */ = {
			isa = PBXGroup;
			children = (
				CB7057F92BFA3F7B003A5BD8 /* ChairLegend.swift */,
				CB7057FA2BFA3F7B003A5BD8 /* ChairView.swift */,
				CB7057FB2BFA3F7B003A5BD8 /* DateExt.swift */,
				CB7057FC2BFA3F7B003A5BD8 /* DateShape.swift */,
				CB7057FD2BFA3F7B003A5BD8 /* DateTimeView.swift */,
				CB7057FE2BFA3F7B003A5BD8 /* DateView.swift */,
				CB7057FF2BFA3F7B003A5BD8 /* ScreenShape.swift */,
				CB7058002BFA3F7B003A5BD8 /* TheatreView.swift */,
				CB7058012BFA3F7B003A5BD8 /* TimeView.swift */,
			);
			path = SeatSelection;
			sourceTree = "<group>";
		};
		CBAE92532BEFE3F200F9852E = {
			isa = PBXGroup;
			children = (
				CBAE925E2BEFE3F200F9852E /* MovieBooking */,
				CBAE925D2BEFE3F200F9852E /* Products */,
			);
			sourceTree = "<group>";
		};
		CBAE925D2BEFE3F200F9852E /* Products */ = {
			isa = PBXGroup;
			children = (
				CBAE925C2BEFE3F200F9852E /* MovieBooking.app */,
			);
			name = Products;
			sourceTree = "<group>";
		};
		CBAE925E2BEFE3F200F9852E /* MovieBooking */ = {
			isa = PBXGroup;
			children = (
				CB7057DD2BFA3F58003A5BD8 /* AsyncImage */,
				CB59DBDF2BF8A3C4008ACE1B /* tmdbAPI */,
				CBEB56B02BF66C77009476E9 /* Model */,
				CBEB56AC2BF66C77009476E9 /* View */,
				CBAE925F2BEFE3F200F9852E /* MovieBookingApp.swift */,
				CBEB56B12BF66C77009476E9 /* ContentView.swift */,
				CBEB56D02BF66DED009476E9 /* utils.swift */,
				CBAE92632BEFE3F400F9852E /* Assets.xcassets */,
				CBAE92652BEFE3F400F9852E /* Preview Content */,
			);
			path = MovieBooking;
			sourceTree = "<group>";
		};
		CBAE92652BEFE3F400F9852E /* Preview Content */ = {
			isa = PBXGroup;
			children = (
				CBAE92662BEFE3F400F9852E /* Preview Assets.xcassets */,
			);
			path = "Preview Content";
			sourceTree = "<group>";
		};
		CBEB56942BF66C77009476E9 /* ButtonsUI */ = {
			isa = PBXGroup;
			children = (
				CBEB568F2BF66C77009476E9 /* CircleButton.swift */,
				CBEB56902BF66C77009476E9 /* DateButton.swift */,
				CBEB56912BF66C77009476E9 /* LargeButton.swift */,
				CBEB56922BF66C77009476E9 /* RoundButton.swift */,
				CBEB56932BF66C77009476E9 /* TimeButton.swift */,
				DA6FB70B2BF93C88000B98D7 /* LargeButtonTemplate.swift */,
			);
			path = ButtonsUI;
			sourceTree = "<group>";
		};
		CBEB569A2BF66C77009476E9 /* CustomUI */ = {
			isa = PBXGroup;
			children = (
				CBEB56952BF66C77009476E9 /* CircleBackground.swift */,
				CBEB56962BF66C77009476E9 /* CustomSearchBar.swift */,
				CBEB56972BF66C77009476E9 /* CustomTabBar.swift */,
				CBEB56982BF66C77009476E9 /* ScrollSection.swift */,
				CBEB56992BF66C77009476E9 /* StatusUI.swift */,
			);
			path = CustomUI;
			sourceTree = "<group>";
		};
		CBEB56A12BF66C77009476E9 /* HomeView */ = {
			isa = PBXGroup;
			children = (
				CBEB569B2BF66C77009476E9 /* BookingView.swift */,
				CBEB569C2BF66C77009476E9 /* ETicketsView.swift */,
				CBEB569D2BF66C77009476E9 /* ETicketView.swift */,
				CBEB569E2BF66C77009476E9 /* HomeView.swift */,
				CBEB569F2BF66C77009476E9 /* SeatsView.swift */,
				CBEB56A02BF66C77009476E9 /* TicketView.swift */,
			);
			path = HomeView;
			sourceTree = "<group>";
		};
		CBEB56AC2BF66C77009476E9 /* View */ = {
			isa = PBXGroup;
			children = (
				CB7057F82BFA3F7B003A5BD8 /* Category */,
				CB7058022BFA3F7B003A5BD8 /* SeatSelection */,
				CBEB56DD2BF685E1009476E9 /* CinemaMapView */,
				CBEB56D22BF678FC009476E9 /* LoginView */,
				CBEB56942BF66C77009476E9 /* ButtonsUI */,
				CBEB569A2BF66C77009476E9 /* CustomUI */,
				CBEB56A12BF66C77009476E9 /* HomeView */,
			);
			path = View;
			sourceTree = "<group>";
		};
		CBEB56B02BF66C77009476E9 /* Model */ = {
			isa = PBXGroup;
			children = (
				CB7057E62BFA3F65003A5BD8 /* Actor.swift */,
				CB7057E52BFA3F65003A5BD8 /* Cast.swift */,
				CB7057E82BFA3F65003A5BD8 /* Film.swift */,
				CB7057E32BFA3F65003A5BD8 /* Genre.swift */,
				CB7057E72BFA3F65003A5BD8 /* Review.swift */,
				CB7057E42BFA3F65003A5BD8 /* Seat.swift */,
				CB7057E92BFA3F65003A5BD8 /* TicketDate.swift */,
				CB7057E22BFA3F65003A5BD8 /* TicketModel.swift */,
				CBEB56D42BF685BA009476E9 /* Cinema.swift */,
				CBEB56AD2BF66C77009476E9 /* Poster.swift */,
				CBEB56AE2BF66C77009476E9 /* Tab.swift */,
				CBEB56AF2BF66C77009476E9 /* Ticket.swift */,
				DA6FB7022BF8BD73000B98D7 /* UserModel.xcdatamodeld */,
				DA6FB7052BF8BE59000B98D7 /* DataManager.swift */,
				DAC89B862BF123BB00FB56AA /* userDetails.swift */,
			);
			path = Model;
			sourceTree = "<group>";
		};
		CBEB56D22BF678FC009476E9 /* LoginView */ = {
			isa = PBXGroup;
			children = (
				CBEB56AB2BF66C77009476E9 /* userProfile.swift */,
				CBEB56A52BF66C77009476E9 /* Font.swift */,
				CBEB56A72BF66C77009476E9 /* loginPage.swift */,
				CBEB56A62BF66C77009476E9 /* homePage.swift */,
				CBEB56AA2BF66C77009476E9 /* signUp.swift */,
			);
			path = LoginView;
			sourceTree = "<group>";
		};
		CBEB56DD2BF685E1009476E9 /* CinemaMapView */ = {
			isa = PBXGroup;
			children = (
				CBEB56D32BF685BA009476E9 /* CinemaBookingView.swift */,
				CBEB56D72BF685BA009476E9 /* CinemaListView.swift */,
				CBEB56D62BF685BA009476E9 /* CinemaMapView.swift */,
				CBEB56D52BF685BA009476E9 /* MapContentView.swift */,
			);
			path = CinemaMapView;
			sourceTree = "<group>";
		};
/* End PBXGroup section */

/* Begin PBXNativeTarget section */
		CBAE925B2BEFE3F200F9852E /* MovieBooking */ = {
			isa = PBXNativeTarget;
			buildConfigurationList = CBAE926A2BEFE3F400F9852E /* Build configuration list for PBXNativeTarget "MovieBooking" */;
			buildPhases = (
				CBAE92582BEFE3F200F9852E /* Sources */,
				CBAE92592BEFE3F200F9852E /* Frameworks */,
				CBAE925A2BEFE3F200F9852E /* Resources */,
			);
			buildRules = (
			);
			dependencies = (
			);
			name = MovieBooking;
			packageProductDependencies = (
				CB7058132BFA3FB1003A5BD8 /* Alamofire */,
				CB7058162BFA3FB8003A5BD8 /* CarBode */,
				CB7058192BFA3FBD003A5BD8 /* AlertToast */,
			);
			productName = MovieBooking;
			productReference = CBAE925C2BEFE3F200F9852E /* MovieBooking.app */;
			productType = "com.apple.product-type.application";
		};
/* End PBXNativeTarget section */

/* Begin PBXProject section */
		CBAE92542BEFE3F200F9852E /* Project object */ = {
			isa = PBXProject;
			attributes = {
				BuildIndependentTargetsInParallel = 1;
				LastSwiftUpdateCheck = 1530;
				LastUpgradeCheck = 1530;
				TargetAttributes = {
					CBAE925B2BEFE3F200F9852E = {
						CreatedOnToolsVersion = 15.3;
					};
				};
			};
			buildConfigurationList = CBAE92572BEFE3F200F9852E /* Build configuration list for PBXProject "MovieBooking" */;
			compatibilityVersion = "Xcode 14.0";
			developmentRegion = en;
			hasScannedForEncodings = 0;
			knownRegions = (
				en,
				Base,
			);
			mainGroup = CBAE92532BEFE3F200F9852E;
			packageReferences = (
				CB7058122BFA3FB1003A5BD8 /* XCRemoteSwiftPackageReference "Alamofire" */,
				CB7058152BFA3FB8003A5BD8 /* XCRemoteSwiftPackageReference "CarBode-Barcode-Scanner-For-SwiftUI" */,
				CB7058182BFA3FBD003A5BD8 /* XCRemoteSwiftPackageReference "AlertToast" */,
			);
			productRefGroup = CBAE925D2BEFE3F200F9852E /* Products */;
			projectDirPath = "";
			projectRoot = "";
			targets = (
				CBAE925B2BEFE3F200F9852E /* MovieBooking */,
			);
		};
/* End PBXProject section */

/* Begin PBXResourcesBuildPhase section */
		CBAE925A2BEFE3F200F9852E /* Resources */ = {
			isa = PBXResourcesBuildPhase;
			buildActionMask = 2147483647;
			files = (
				CBAE92672BEFE3F400F9852E /* Preview Assets.xcassets in Resources */,
				CBAE92642BEFE3F400F9852E /* Assets.xcassets in Resources */,
			);
			runOnlyForDeploymentPostprocessing = 0;
		};
/* End PBXResourcesBuildPhase section */

/* Begin PBXSourcesBuildPhase section */
		CBAE92582BEFE3F200F9852E /* Sources */ = {
			isa = PBXSourcesBuildPhase;
			buildActionMask = 2147483647;
			files = (
				CBEB56CB2BF66C77009476E9 /* userProfile.swift in Sources */,
				CB7057E12BFA3F58003A5BD8 /* ImageLoader.swift in Sources */,
				CBEB56DB2BF685BA009476E9 /* CinemaMapView.swift in Sources */,
				CB70580F2BFA3F7B003A5BD8 /* ScreenShape.swift in Sources */,
				DA6FB7062BF8BE59000B98D7 /* DataManager.swift in Sources */,
				CBEB56DB2BF685BA009476E9 /* CinemaMapView.swift in Sources */,
				DA6FB70C2BF93C88000B98D7 /* LargeButtonTemplate.swift in Sources */,
				CBEB56B52BF66C77009476E9 /* RoundButton.swift in Sources */,
				CBEB56CF2BF66C77009476E9 /* ContentView.swift in Sources */,
				CB59DBE92BF8A904008ACE1B /* NetworkService.swift in Sources */,
				CBEB56DA2BF685BA009476E9 /* MapContentView.swift in Sources */,
				CBEB56CA2BF66C77009476E9 /* signUp.swift in Sources */,
				CBEB56B32BF66C77009476E9 /* DateButton.swift in Sources */,
				CBEB56C62BF66C77009476E9 /* homePage.swift in Sources */,
				CBEB56BD2BF66C77009476E9 /* ETicketsView.swift in Sources */,
				CBEB56BC2BF66C77009476E9 /* BookingView.swift in Sources */,
				CBEB56C82BF66C77009476E9 /* movieDescription.swift in Sources */,
				DA6FB7042BF8BD73000B98D7 /* UserModel.xcdatamodeld in Sources */,
				CBEB56CE2BF66C77009476E9 /* Ticket.swift in Sources */,
				CBEB56B22BF66C77009476E9 /* CircleButton.swift in Sources */,
				CBEB56C12BF66C77009476E9 /* TicketView.swift in Sources */,
				CB59DBE32BF8A401008ACE1B /* MovieService.swift in Sources */,
				CB7057EA2BFA3F65003A5BD8 /* TicketModel.swift in Sources */,
				CB7057EC2BFA3F65003A5BD8 /* Seat.swift in Sources */,
				CB7057DE2BFA3F58003A5BD8 /* AsyncImage.swift in Sources */,
				CBAE92602BEFE3F200F9852E /* MovieBookingApp.swift in Sources */,
				CB70580D2BFA3F7B003A5BD8 /* DateTimeView.swift in Sources */,
				CBEB56BB2BF66C77009476E9 /* StatusUI.swift in Sources */,
				CBEB56D92BF685BA009476E9 /* Cinema.swift in Sources */,
				CB7058042BFA3F7B003A5BD8 /* CategoryView.swift in Sources */,
				CB7058032BFA3F7B003A5BD8 /* Blur.swift in Sources */,
				CBEB56B72BF66C77009476E9 /* CircleBackground.swift in Sources */,
				CB70580C2BFA3F7B003A5BD8 /* DateShape.swift in Sources */,
				CB7058102BFA3F7B003A5BD8 /* TheatreView.swift in Sources */,
				CB7058092BFA3F7B003A5BD8 /* ChairLegend.swift in Sources */,
				CB7057F12BFA3F65003A5BD8 /* TicketDate.swift in Sources */,
				CBEB56C32BF66C77009476E9 /* editDetails.swift in Sources */,
				CBEB56C02BF66C77009476E9 /* SeatsView.swift in Sources */,
				CB7058062BFA3F7B003A5BD8 /* FilmDetail.swift in Sources */,
				CBEB56B82BF66C77009476E9 /* CustomSearchBar.swift in Sources */,
				CB7058082BFA3F7B003A5BD8 /* StarsRating.swift in Sources */,
				CBEB56C22BF66C77009476E9 /* bookingPage.swift in Sources */,
				CB7057EB2BFA3F65003A5BD8 /* Genre.swift in Sources */,
				CB70580E2BFA3F7B003A5BD8 /* DateView.swift in Sources */,
				CB7057DF2BFA3F58003A5BD8 /* EnvironmentValues.swift in Sources */,
				CBEB56BF2BF66C77009476E9 /* HomeView.swift in Sources */,
				CBEB56BE2BF66C77009476E9 /* ETicketView.swift in Sources */,
				CBEB56CD2BF66C77009476E9 /* Tab.swift in Sources */,
				CB7057ED2BFA3F65003A5BD8 /* Cast.swift in Sources */,
				CB70580A2BFA3F7B003A5BD8 /* ChairView.swift in Sources */,
				CBEB56D82BF685BA009476E9 /* CinemaBookingView.swift in Sources */,
				CB70581E2BFA4464003A5BD8 /* LCButton.swift in Sources */,
				CB70581C2BFA443A003A5BD8 /* Ticket.swift in Sources */,
				CBEB56C92BF66C77009476E9 /* myBookings.swift in Sources */,
				CB59DBE52BF8A70F008ACE1B /* ReviewService.swift in Sources */,
				CB70580B2BFA3F7B003A5BD8 /* DateExt.swift in Sources */,
				CBEB56B42BF66C77009476E9 /* LargeButton.swift in Sources */,
				CBEB56B92BF66C77009476E9 /* CustomTabBar.swift in Sources */,
				CB59DBE72BF8A749008ACE1B /* MovieURL.swift in Sources */,
				CBEB56CC2BF66C77009476E9 /* Poster.swift in Sources */,
				CB7058052BFA3F7B003A5BD8 /* FilmCard.swift in Sources */,
				CBEB56B62BF66C77009476E9 /* TimeButton.swift in Sources */,
				CB7057F02BFA3F65003A5BD8 /* Film.swift in Sources */,
				CB7057EE2BFA3F65003A5BD8 /* Actor.swift in Sources */,
				CB7057E02BFA3F58003A5BD8 /* ImageCache.swift in Sources */,
				CBEB56C52BF66C77009476E9 /* Font.swift in Sources */,
				DAC89B872BF123BB00FB56AA /* userDetails.swift in Sources */,
				CB59DBE12BF8A3E8008ACE1B /* API.swift in Sources */,
				CB7058072BFA3F7B003A5BD8 /* SeatsChoiceView.swift in Sources */,
				CBEB56C72BF66C77009476E9 /* loginPage.swift in Sources */,
				CB7057EF2BFA3F65003A5BD8 /* Review.swift in Sources */,
				CB7058112BFA3F7B003A5BD8 /* TimeView.swift in Sources */,
				CBEB56DC2BF685BA009476E9 /* CinemaListView.swift in Sources */,
				CBEB56BA2BF66C77009476E9 /* ScrollSection.swift in Sources */,
				CBEB56D12BF66DED009476E9 /* utils.swift in Sources */,
			);
			runOnlyForDeploymentPostprocessing = 0;
		};
/* End PBXSourcesBuildPhase section */

/* Begin XCBuildConfiguration section */
		CBAE92682BEFE3F400F9852E /* Debug */ = {
			isa = XCBuildConfiguration;
			buildSettings = {
				ALWAYS_SEARCH_USER_PATHS = NO;
				ASSETCATALOG_COMPILER_GENERATE_SWIFT_ASSET_SYMBOL_EXTENSIONS = YES;
				CLANG_ANALYZER_NONNULL = YES;
				CLANG_ANALYZER_NUMBER_OBJECT_CONVERSION = YES_AGGRESSIVE;
				CLANG_CXX_LANGUAGE_STANDARD = "gnu++20";
				CLANG_ENABLE_MODULES = YES;
				CLANG_ENABLE_OBJC_ARC = YES;
				CLANG_ENABLE_OBJC_WEAK = YES;
				CLANG_WARN_BLOCK_CAPTURE_AUTORELEASING = YES;
				CLANG_WARN_BOOL_CONVERSION = YES;
				CLANG_WARN_COMMA = YES;
				CLANG_WARN_CONSTANT_CONVERSION = YES;
				CLANG_WARN_DEPRECATED_OBJC_IMPLEMENTATIONS = YES;
				CLANG_WARN_DIRECT_OBJC_ISA_USAGE = YES_ERROR;
				CLANG_WARN_DOCUMENTATION_COMMENTS = YES;
				CLANG_WARN_EMPTY_BODY = YES;
				CLANG_WARN_ENUM_CONVERSION = YES;
				CLANG_WARN_INFINITE_RECURSION = YES;
				CLANG_WARN_INT_CONVERSION = YES;
				CLANG_WARN_NON_LITERAL_NULL_CONVERSION = YES;
				CLANG_WARN_OBJC_IMPLICIT_RETAIN_SELF = YES;
				CLANG_WARN_OBJC_LITERAL_CONVERSION = YES;
				CLANG_WARN_OBJC_ROOT_CLASS = YES_ERROR;
				CLANG_WARN_QUOTED_INCLUDE_IN_FRAMEWORK_HEADER = YES;
				CLANG_WARN_RANGE_LOOP_ANALYSIS = YES;
				CLANG_WARN_STRICT_PROTOTYPES = YES;
				CLANG_WARN_SUSPICIOUS_MOVE = YES;
				CLANG_WARN_UNGUARDED_AVAILABILITY = YES_AGGRESSIVE;
				CLANG_WARN_UNREACHABLE_CODE = YES;
				CLANG_WARN__DUPLICATE_METHOD_MATCH = YES;
				COPY_PHASE_STRIP = NO;
				DEBUG_INFORMATION_FORMAT = dwarf;
				ENABLE_STRICT_OBJC_MSGSEND = YES;
				ENABLE_TESTABILITY = YES;
				ENABLE_USER_SCRIPT_SANDBOXING = YES;
				GCC_C_LANGUAGE_STANDARD = gnu17;
				GCC_DYNAMIC_NO_PIC = NO;
				GCC_NO_COMMON_BLOCKS = YES;
				GCC_OPTIMIZATION_LEVEL = 0;
				GCC_PREPROCESSOR_DEFINITIONS = (
					"DEBUG=1",
					"$(inherited)",
				);
				GCC_WARN_64_TO_32_BIT_CONVERSION = YES;
				GCC_WARN_ABOUT_RETURN_TYPE = YES_ERROR;
				GCC_WARN_UNDECLARED_SELECTOR = YES;
				GCC_WARN_UNINITIALIZED_AUTOS = YES_AGGRESSIVE;
				GCC_WARN_UNUSED_FUNCTION = YES;
				GCC_WARN_UNUSED_VARIABLE = YES;
				IPHONEOS_DEPLOYMENT_TARGET = 17.4;
				LOCALIZATION_PREFERS_STRING_CATALOGS = YES;
				MTL_ENABLE_DEBUG_INFO = INCLUDE_SOURCE;
				MTL_FAST_MATH = YES;
				ONLY_ACTIVE_ARCH = YES;
				SDKROOT = iphoneos;
				SWIFT_ACTIVE_COMPILATION_CONDITIONS = "DEBUG $(inherited)";
				SWIFT_OPTIMIZATION_LEVEL = "-Onone";
			};
			name = Debug;
		};
		CBAE92692BEFE3F400F9852E /* Release */ = {
			isa = XCBuildConfiguration;
			buildSettings = {
				ALWAYS_SEARCH_USER_PATHS = NO;
				ASSETCATALOG_COMPILER_GENERATE_SWIFT_ASSET_SYMBOL_EXTENSIONS = YES;
				CLANG_ANALYZER_NONNULL = YES;
				CLANG_ANALYZER_NUMBER_OBJECT_CONVERSION = YES_AGGRESSIVE;
				CLANG_CXX_LANGUAGE_STANDARD = "gnu++20";
				CLANG_ENABLE_MODULES = YES;
				CLANG_ENABLE_OBJC_ARC = YES;
				CLANG_ENABLE_OBJC_WEAK = YES;
				CLANG_WARN_BLOCK_CAPTURE_AUTORELEASING = YES;
				CLANG_WARN_BOOL_CONVERSION = YES;
				CLANG_WARN_COMMA = YES;
				CLANG_WARN_CONSTANT_CONVERSION = YES;
				CLANG_WARN_DEPRECATED_OBJC_IMPLEMENTATIONS = YES;
				CLANG_WARN_DIRECT_OBJC_ISA_USAGE = YES_ERROR;
				CLANG_WARN_DOCUMENTATION_COMMENTS = YES;
				CLANG_WARN_EMPTY_BODY = YES;
				CLANG_WARN_ENUM_CONVERSION = YES;
				CLANG_WARN_INFINITE_RECURSION = YES;
				CLANG_WARN_INT_CONVERSION = YES;
				CLANG_WARN_NON_LITERAL_NULL_CONVERSION = YES;
				CLANG_WARN_OBJC_IMPLICIT_RETAIN_SELF = YES;
				CLANG_WARN_OBJC_LITERAL_CONVERSION = YES;
				CLANG_WARN_OBJC_ROOT_CLASS = YES_ERROR;
				CLANG_WARN_QUOTED_INCLUDE_IN_FRAMEWORK_HEADER = YES;
				CLANG_WARN_RANGE_LOOP_ANALYSIS = YES;
				CLANG_WARN_STRICT_PROTOTYPES = YES;
				CLANG_WARN_SUSPICIOUS_MOVE = YES;
				CLANG_WARN_UNGUARDED_AVAILABILITY = YES_AGGRESSIVE;
				CLANG_WARN_UNREACHABLE_CODE = YES;
				CLANG_WARN__DUPLICATE_METHOD_MATCH = YES;
				COPY_PHASE_STRIP = NO;
				DEBUG_INFORMATION_FORMAT = "dwarf-with-dsym";
				ENABLE_NS_ASSERTIONS = NO;
				ENABLE_STRICT_OBJC_MSGSEND = YES;
				ENABLE_USER_SCRIPT_SANDBOXING = YES;
				GCC_C_LANGUAGE_STANDARD = gnu17;
				GCC_NO_COMMON_BLOCKS = YES;
				GCC_WARN_64_TO_32_BIT_CONVERSION = YES;
				GCC_WARN_ABOUT_RETURN_TYPE = YES_ERROR;
				GCC_WARN_UNDECLARED_SELECTOR = YES;
				GCC_WARN_UNINITIALIZED_AUTOS = YES_AGGRESSIVE;
				GCC_WARN_UNUSED_FUNCTION = YES;
				GCC_WARN_UNUSED_VARIABLE = YES;
				IPHONEOS_DEPLOYMENT_TARGET = 17.4;
				LOCALIZATION_PREFERS_STRING_CATALOGS = YES;
				MTL_ENABLE_DEBUG_INFO = NO;
				MTL_FAST_MATH = YES;
				SDKROOT = iphoneos;
				SWIFT_COMPILATION_MODE = wholemodule;
				VALIDATE_PRODUCT = YES;
			};
			name = Release;
		};
		CBAE926B2BEFE3F400F9852E /* Debug */ = {
			isa = XCBuildConfiguration;
			buildSettings = {
				ASSETCATALOG_COMPILER_APPICON_NAME = AppIcon;
				ASSETCATALOG_COMPILER_GLOBAL_ACCENT_COLOR_NAME = AccentColor;
				CODE_SIGN_STYLE = Automatic;
				CURRENT_PROJECT_VERSION = 1;
				DEVELOPMENT_ASSET_PATHS = "\"MovieBooking/Preview Content\"";
				DEVELOPMENT_TEAM = 4H489X23T8;
				ENABLE_PREVIEWS = YES;
				GENERATE_INFOPLIST_FILE = YES;
				INFOPLIST_KEY_UIApplicationSceneManifest_Generation = YES;
				INFOPLIST_KEY_UIApplicationSupportsIndirectInputEvents = YES;
				INFOPLIST_KEY_UILaunchScreen_Generation = YES;
				INFOPLIST_KEY_UISupportedInterfaceOrientations_iPad = "UIInterfaceOrientationPortrait UIInterfaceOrientationPortraitUpsideDown UIInterfaceOrientationLandscapeLeft UIInterfaceOrientationLandscapeRight";
				INFOPLIST_KEY_UISupportedInterfaceOrientations_iPhone = "UIInterfaceOrientationPortrait UIInterfaceOrientationLandscapeLeft UIInterfaceOrientationLandscapeRight";
				LD_RUNPATH_SEARCH_PATHS = (
					"$(inherited)",
					"@executable_path/Frameworks",
				);
				MARKETING_VERSION = 1.0;
				PRODUCT_BUNDLE_IDENTIFIER = chaka.MovieBooking;
				PRODUCT_NAME = "$(TARGET_NAME)";
				SWIFT_EMIT_LOC_STRINGS = YES;
				SWIFT_VERSION = 5.0;
				TARGETED_DEVICE_FAMILY = "1,2";
			};
			name = Debug;
		};
		CBAE926C2BEFE3F400F9852E /* Release */ = {
			isa = XCBuildConfiguration;
			buildSettings = {
				ASSETCATALOG_COMPILER_APPICON_NAME = AppIcon;
				ASSETCATALOG_COMPILER_GLOBAL_ACCENT_COLOR_NAME = AccentColor;
				CODE_SIGN_STYLE = Automatic;
				CURRENT_PROJECT_VERSION = 1;
				DEVELOPMENT_ASSET_PATHS = "\"MovieBooking/Preview Content\"";
				DEVELOPMENT_TEAM = 4H489X23T8;
				ENABLE_PREVIEWS = YES;
				GENERATE_INFOPLIST_FILE = YES;
				INFOPLIST_KEY_UIApplicationSceneManifest_Generation = YES;
				INFOPLIST_KEY_UIApplicationSupportsIndirectInputEvents = YES;
				INFOPLIST_KEY_UILaunchScreen_Generation = YES;
				INFOPLIST_KEY_UISupportedInterfaceOrientations_iPad = "UIInterfaceOrientationPortrait UIInterfaceOrientationPortraitUpsideDown UIInterfaceOrientationLandscapeLeft UIInterfaceOrientationLandscapeRight";
				INFOPLIST_KEY_UISupportedInterfaceOrientations_iPhone = "UIInterfaceOrientationPortrait UIInterfaceOrientationLandscapeLeft UIInterfaceOrientationLandscapeRight";
				LD_RUNPATH_SEARCH_PATHS = (
					"$(inherited)",
					"@executable_path/Frameworks",
				);
				MARKETING_VERSION = 1.0;
				PRODUCT_BUNDLE_IDENTIFIER = chaka.MovieBooking;
				PRODUCT_NAME = "$(TARGET_NAME)";
				SWIFT_EMIT_LOC_STRINGS = YES;
				SWIFT_VERSION = 5.0;
				TARGETED_DEVICE_FAMILY = "1,2";
			};
			name = Release;
		};
/* End XCBuildConfiguration section */

/* Begin XCConfigurationList section */
		CBAE92572BEFE3F200F9852E /* Build configuration list for PBXProject "MovieBooking" */ = {
			isa = XCConfigurationList;
			buildConfigurations = (
				CBAE92682BEFE3F400F9852E /* Debug */,
				CBAE92692BEFE3F400F9852E /* Release */,
			);
			defaultConfigurationIsVisible = 0;
			defaultConfigurationName = Release;
		};
		CBAE926A2BEFE3F400F9852E /* Build configuration list for PBXNativeTarget "MovieBooking" */ = {
			isa = XCConfigurationList;
			buildConfigurations = (
				CBAE926B2BEFE3F400F9852E /* Debug */,
				CBAE926C2BEFE3F400F9852E /* Release */,
			);
			defaultConfigurationIsVisible = 0;
			defaultConfigurationName = Release;
		};
/* End XCConfigurationList section */

/* Begin XCRemoteSwiftPackageReference section */
		CB7058122BFA3FB1003A5BD8 /* XCRemoteSwiftPackageReference "Alamofire" */ = {
			isa = XCRemoteSwiftPackageReference;
			repositoryURL = "https://github.com/Alamofire/Alamofire.git";
			requirement = {
				kind = upToNextMajorVersion;
				minimumVersion = 5.9.1;
			};
		};
		CB7058152BFA3FB8003A5BD8 /* XCRemoteSwiftPackageReference "CarBode-Barcode-Scanner-For-SwiftUI" */ = {
			isa = XCRemoteSwiftPackageReference;
			repositoryURL = "https://github.com/heart/CarBode-Barcode-Scanner-For-SwiftUI";
			requirement = {
				kind = upToNextMajorVersion;
				minimumVersion = 2.2.3;
			};
		};
		CB7058182BFA3FBD003A5BD8 /* XCRemoteSwiftPackageReference "AlertToast" */ = {
			isa = XCRemoteSwiftPackageReference;
			repositoryURL = "https://github.com/elai950/AlertToast.git";
			requirement = {
				kind = upToNextMajorVersion;
				minimumVersion = 1.3.9;
			};
		};
/* End XCRemoteSwiftPackageReference section */

/* Begin XCSwiftPackageProductDependency section */
		CB7058132BFA3FB1003A5BD8 /* Alamofire */ = {
			isa = XCSwiftPackageProductDependency;
			package = CB7058122BFA3FB1003A5BD8 /* XCRemoteSwiftPackageReference "Alamofire" */;
			productName = Alamofire;
		};
		CB7058162BFA3FB8003A5BD8 /* CarBode */ = {
			isa = XCSwiftPackageProductDependency;
			package = CB7058152BFA3FB8003A5BD8 /* XCRemoteSwiftPackageReference "CarBode-Barcode-Scanner-For-SwiftUI" */;
			productName = CarBode;
		};
		CB7058192BFA3FBD003A5BD8 /* AlertToast */ = {
			isa = XCSwiftPackageProductDependency;
			package = CB7058182BFA3FBD003A5BD8 /* XCRemoteSwiftPackageReference "AlertToast" */;
			productName = AlertToast;
		};
/* End XCSwiftPackageProductDependency section */
/* Begin XCVersionGroup section */
		DA6FB7022BF8BD73000B98D7 /* UserModel.xcdatamodeld */ = {
			isa = XCVersionGroup;
			children = (
				DA6FB7032BF8BD73000B98D7 /* UserModel.xcdatamodel */,
			);
			currentVersion = DA6FB7032BF8BD73000B98D7 /* UserModel.xcdatamodel */;
			path = UserModel.xcdatamodeld;
			sourceTree = "<group>";
			versionGroupType = wrapper.xcdatamodel;
		};
/* End XCVersionGroup section */
	};
	rootObject = CBAE92542BEFE3F200F9852E /* Project object */;
}
