// !$*UTF8*$!
{
	archiveVersion = 1;
	classes = {
	};
	objectVersion = 56;
	objects = {

/* Begin PBXBuildFile section */
		CBAE92602BEFE3F200F9852E /* MovieBookingApp.swift in Sources */ = {isa = PBXBuildFile; fileRef = CBAE925F2BEFE3F200F9852E /* MovieBookingApp.swift */; };
		CBAE92622BEFE3F200F9852E /* ContentView.swift in Sources */ = {isa = PBXBuildFile; fileRef = CBAE92612BEFE3F200F9852E /* ContentView.swift */; };
		CBAE92642BEFE3F400F9852E /* Assets.xcassets in Resources */ = {isa = PBXBuildFile; fileRef = CBAE92632BEFE3F400F9852E /* Assets.xcassets */; };
		CBAE92672BEFE3F400F9852E /* Preview Assets.xcassets in Resources */ = {isa = PBXBuildFile; fileRef = CBAE92662BEFE3F400F9852E /* Preview Assets.xcassets */; };
		CBD40D932BF25AE200573104 /* CustomTabBar.swift in Sources */ = {isa = PBXBuildFile; fileRef = CBD40D922BF25AE200573104 /* CustomTabBar.swift */; };
		CBD40D962BF274BC00573104 /* CustomSearchBar.swift in Sources */ = {isa = PBXBuildFile; fileRef = CBD40D952BF274BC00573104 /* CustomSearchBar.swift */; };
		CBD40D982BF2757100573104 /* Tab.swift in Sources */ = {isa = PBXBuildFile; fileRef = CBD40D972BF2757100573104 /* Tab.swift */; };
		CBD40D9A2BF2758600573104 /* Ticket.swift in Sources */ = {isa = PBXBuildFile; fileRef = CBD40D992BF2758600573104 /* Ticket.swift */; };
		CBD40D9C2BF2765100573104 /* Poster.swift in Sources */ = {isa = PBXBuildFile; fileRef = CBD40D9B2BF2765100573104 /* Poster.swift */; };
		CBD40D9E2BF2766800573104 /* HomeView.swift in Sources */ = {isa = PBXBuildFile; fileRef = CBD40D9D2BF2766800573104 /* HomeView.swift */; };
		CBD40DA02BF277CC00573104 /* CircleBackground.swift in Sources */ = {isa = PBXBuildFile; fileRef = CBD40D9F2BF277CC00573104 /* CircleBackground.swift */; };
		CBD40DA22BF277EE00573104 /* ScrollSection.swift in Sources */ = {isa = PBXBuildFile; fileRef = CBD40DA12BF277EE00573104 /* ScrollSection.swift */; };
		CBD40DA42BF2781D00573104 /* BookingView.swift in Sources */ = {isa = PBXBuildFile; fileRef = CBD40DA32BF2781D00573104 /* BookingView.swift */; };
		CBD40DA62BF280DB00573104 /* TicketView.swift in Sources */ = {isa = PBXBuildFile; fileRef = CBD40DA52BF280DB00573104 /* TicketView.swift */; };
/* End PBXBuildFile section */

/* Begin PBXFileReference section */
		CBAE925C2BEFE3F200F9852E /* MovieBooking.app */ = {isa = PBXFileReference; explicitFileType = wrapper.application; includeInIndex = 0; path = MovieBooking.app; sourceTree = BUILT_PRODUCTS_DIR; };
		CBAE925F2BEFE3F200F9852E /* MovieBookingApp.swift */ = {isa = PBXFileReference; lastKnownFileType = sourcecode.swift; path = MovieBookingApp.swift; sourceTree = "<group>"; };
		CBAE92612BEFE3F200F9852E /* ContentView.swift */ = {isa = PBXFileReference; lastKnownFileType = sourcecode.swift; path = ContentView.swift; sourceTree = "<group>"; };
		CBAE92632BEFE3F400F9852E /* Assets.xcassets */ = {isa = PBXFileReference; lastKnownFileType = folder.assetcatalog; path = Assets.xcassets; sourceTree = "<group>"; };
		CBAE92662BEFE3F400F9852E /* Preview Assets.xcassets */ = {isa = PBXFileReference; lastKnownFileType = folder.assetcatalog; path = "Preview Assets.xcassets"; sourceTree = "<group>"; };
		CBD40D922BF25AE200573104 /* CustomTabBar.swift */ = {isa = PBXFileReference; lastKnownFileType = sourcecode.swift; path = CustomTabBar.swift; sourceTree = "<group>"; };
		CBD40D952BF274BC00573104 /* CustomSearchBar.swift */ = {isa = PBXFileReference; lastKnownFileType = sourcecode.swift; path = CustomSearchBar.swift; sourceTree = "<group>"; };
		CBD40D972BF2757100573104 /* Tab.swift */ = {isa = PBXFileReference; lastKnownFileType = sourcecode.swift; path = Tab.swift; sourceTree = "<group>"; };
		CBD40D992BF2758600573104 /* Ticket.swift */ = {isa = PBXFileReference; lastKnownFileType = sourcecode.swift; path = Ticket.swift; sourceTree = "<group>"; };
		CBD40D9B2BF2765100573104 /* Poster.swift */ = {isa = PBXFileReference; lastKnownFileType = sourcecode.swift; path = Poster.swift; sourceTree = "<group>"; };
		CBD40D9D2BF2766800573104 /* HomeView.swift */ = {isa = PBXFileReference; lastKnownFileType = sourcecode.swift; path = HomeView.swift; sourceTree = "<group>"; };
		CBD40D9F2BF277CC00573104 /* CircleBackground.swift */ = {isa = PBXFileReference; lastKnownFileType = sourcecode.swift; path = CircleBackground.swift; sourceTree = "<group>"; };
		CBD40DA12BF277EE00573104 /* ScrollSection.swift */ = {isa = PBXFileReference; lastKnownFileType = sourcecode.swift; path = ScrollSection.swift; sourceTree = "<group>"; };
		CBD40DA32BF2781D00573104 /* BookingView.swift */ = {isa = PBXFileReference; lastKnownFileType = sourcecode.swift; path = BookingView.swift; sourceTree = "<group>"; };
		CBD40DA52BF280DB00573104 /* TicketView.swift */ = {isa = PBXFileReference; lastKnownFileType = sourcecode.swift; path = TicketView.swift; sourceTree = "<group>"; };
/* End PBXFileReference section */

/* Begin PBXFrameworksBuildPhase section */
		CBAE92592BEFE3F200F9852E /* Frameworks */ = {
			isa = PBXFrameworksBuildPhase;
			buildActionMask = 2147483647;
			files = (
			);
			runOnlyForDeploymentPostprocessing = 0;
		};
/* End PBXFrameworksBuildPhase section */

/* Begin PBXGroup section */
		CBAE92532BEFE3F200F9852E = {
			isa = PBXGroup;
			children = (
				CBAE925E2BEFE3F200F9852E /* MovieBooking */,
				CBAE925D2BEFE3F200F9852E /* Products */,
			);
			sourceTree = "<group>";
		};
		CBAE925D2BEFE3F200F9852E /* Products */ = {
			isa = PBXGroup;
			children = (
				CBAE925C2BEFE3F200F9852E /* MovieBooking.app */,
			);
			name = Products;
			sourceTree = "<group>";
		};
		CBAE925E2BEFE3F200F9852E /* MovieBooking */ = {
			isa = PBXGroup;
			children = (
				CBD40D8F2BF233E200573104 /* Model */,
				CBD40D8E2BF22F7F00573104 /* View */,
				CBAE925F2BEFE3F200F9852E /* MovieBookingApp.swift */,
				CBAE92612BEFE3F200F9852E /* ContentView.swift */,
				CBAE92632BEFE3F400F9852E /* Assets.xcassets */,
				CBAE92652BEFE3F400F9852E /* Preview Content */,
			);
			path = MovieBooking;
			sourceTree = "<group>";
		};
		CBAE92652BEFE3F400F9852E /* Preview Content */ = {
			isa = PBXGroup;
			children = (
				CBAE92662BEFE3F400F9852E /* Preview Assets.xcassets */,
			);
			path = "Preview Content";
			sourceTree = "<group>";
		};
		CBD40D8E2BF22F7F00573104 /* View */ = {
			isa = PBXGroup;
			children = (
				CBD40D942BF25B1200573104 /* Views */,
				CBD40D912BF25ACC00573104 /* CustomUI */,
			);
			path = View;
			sourceTree = "<group>";
		};
		CBD40D8F2BF233E200573104 /* Model */ = {
			isa = PBXGroup;
			children = (
				CBD40D972BF2757100573104 /* Tab.swift */,
				CBD40D992BF2758600573104 /* Ticket.swift */,
				CBD40D9B2BF2765100573104 /* Poster.swift */,
			);
			path = Model;
			sourceTree = "<group>";
		};
		CBD40D912BF25ACC00573104 /* CustomUI */ = {
			isa = PBXGroup;
			children = (
				CBD40D922BF25AE200573104 /* CustomTabBar.swift */,
				CBD40D952BF274BC00573104 /* CustomSearchBar.swift */,
				CBD40D9F2BF277CC00573104 /* CircleBackground.swift */,
				CBD40DA12BF277EE00573104 /* ScrollSection.swift */,
			);
			path = CustomUI;
			sourceTree = "<group>";
		};
		CBD40D942BF25B1200573104 /* Views */ = {
			isa = PBXGroup;
			children = (
				CBD40D9D2BF2766800573104 /* HomeView.swift */,
				CBD40DA32BF2781D00573104 /* BookingView.swift */,
				CBD40DA52BF280DB00573104 /* TicketView.swift */,
			);
			path = Views;
			sourceTree = "<group>";
		};
/* End PBXGroup section */

/* Begin PBXNativeTarget section */
		CBAE925B2BEFE3F200F9852E /* MovieBooking */ = {
			isa = PBXNativeTarget;
			buildConfigurationList = CBAE926A2BEFE3F400F9852E /* Build configuration list for PBXNativeTarget "MovieBooking" */;
			buildPhases = (
				CBAE92582BEFE3F200F9852E /* Sources */,
				CBAE92592BEFE3F200F9852E /* Frameworks */,
				CBAE925A2BEFE3F200F9852E /* Resources */,
			);
			buildRules = (
			);
			dependencies = (
			);
			name = MovieBooking;
			productName = MovieBooking;
			productReference = CBAE925C2BEFE3F200F9852E /* MovieBooking.app */;
			productType = "com.apple.product-type.application";
		};
/* End PBXNativeTarget section */

/* Begin PBXProject section */
		CBAE92542BEFE3F200F9852E /* Project object */ = {
			isa = PBXProject;
			attributes = {
				BuildIndependentTargetsInParallel = 1;
				LastSwiftUpdateCheck = 1530;
				LastUpgradeCheck = 1530;
				TargetAttributes = {
					CBAE925B2BEFE3F200F9852E = {
						CreatedOnToolsVersion = 15.3;
					};
				};
			};
			buildConfigurationList = CBAE92572BEFE3F200F9852E /* Build configuration list for PBXProject "MovieBooking" */;
			compatibilityVersion = "Xcode 14.0";
			developmentRegion = en;
			hasScannedForEncodings = 0;
			knownRegions = (
				en,
				Base,
			);
			mainGroup = CBAE92532BEFE3F200F9852E;
			productRefGroup = CBAE925D2BEFE3F200F9852E /* Products */;
			projectDirPath = "";
			projectRoot = "";
			targets = (
				CBAE925B2BEFE3F200F9852E /* MovieBooking */,
			);
		};
/* End PBXProject section */

/* Begin PBXResourcesBuildPhase section */
		CBAE925A2BEFE3F200F9852E /* Resources */ = {
			isa = PBXResourcesBuildPhase;
			buildActionMask = 2147483647;
			files = (
				CBAE92672BEFE3F400F9852E /* Preview Assets.xcassets in Resources */,
				CBAE92642BEFE3F400F9852E /* Assets.xcassets in Resources */,
			);
			runOnlyForDeploymentPostprocessing = 0;
		};
/* End PBXResourcesBuildPhase section */

/* Begin PBXSourcesBuildPhase section */
		CBAE92582BEFE3F200F9852E /* Sources */ = {
			isa = PBXSourcesBuildPhase;
			buildActionMask = 2147483647;
			files = (
				CBD40DA02BF277CC00573104 /* CircleBackground.swift in Sources */,
				CBAE92622BEFE3F200F9852E /* ContentView.swift in Sources */,
				CBD40DA22BF277EE00573104 /* ScrollSection.swift in Sources */,
				CBD40D9A2BF2758600573104 /* Ticket.swift in Sources */,
				CBAE92602BEFE3F200F9852E /* MovieBookingApp.swift in Sources */,
				CBD40D982BF2757100573104 /* Tab.swift in Sources */,
				CBD40DA62BF280DB00573104 /* TicketView.swift in Sources */,
				CBD40D9C2BF2765100573104 /* Poster.swift in Sources */,
				CBD40D9E2BF2766800573104 /* HomeView.swift in Sources */,
				CBD40D962BF274BC00573104 /* CustomSearchBar.swift in Sources */,
				CBD40DA42BF2781D00573104 /* BookingView.swift in Sources */,
				CBD40D932BF25AE200573104 /* CustomTabBar.swift in Sources */,
			);
			runOnlyForDeploymentPostprocessing = 0;
		};
/* End PBXSourcesBuildPhase section */

/* Begin XCBuildConfiguration section */
		CBAE92682BEFE3F400F9852E /* Debug */ = {
			isa = XCBuildConfiguration;
			buildSettings = {
				ALWAYS_SEARCH_USER_PATHS = NO;
				ASSETCATALOG_COMPILER_GENERATE_SWIFT_ASSET_SYMBOL_EXTENSIONS = YES;
				CLANG_ANALYZER_NONNULL = YES;
				CLANG_ANALYZER_NUMBER_OBJECT_CONVERSION = YES_AGGRESSIVE;
				CLANG_CXX_LANGUAGE_STANDARD = "gnu++20";
				CLANG_ENABLE_MODULES = YES;
				CLANG_ENABLE_OBJC_ARC = YES;
				CLANG_ENABLE_OBJC_WEAK = YES;
				CLANG_WARN_BLOCK_CAPTURE_AUTORELEASING = YES;
				CLANG_WARN_BOOL_CONVERSION = YES;
				CLANG_WARN_COMMA = YES;
				CLANG_WARN_CONSTANT_CONVERSION = YES;
				CLANG_WARN_DEPRECATED_OBJC_IMPLEMENTATIONS = YES;
				CLANG_WARN_DIRECT_OBJC_ISA_USAGE = YES_ERROR;
				CLANG_WARN_DOCUMENTATION_COMMENTS = YES;
				CLANG_WARN_EMPTY_BODY = YES;
				CLANG_WARN_ENUM_CONVERSION = YES;
				CLANG_WARN_INFINITE_RECURSION = YES;
				CLANG_WARN_INT_CONVERSION = YES;
				CLANG_WARN_NON_LITERAL_NULL_CONVERSION = YES;
				CLANG_WARN_OBJC_IMPLICIT_RETAIN_SELF = YES;
				CLANG_WARN_OBJC_LITERAL_CONVERSION = YES;
				CLANG_WARN_OBJC_ROOT_CLASS = YES_ERROR;
				CLANG_WARN_QUOTED_INCLUDE_IN_FRAMEWORK_HEADER = YES;
				CLANG_WARN_RANGE_LOOP_ANALYSIS = YES;
				CLANG_WARN_STRICT_PROTOTYPES = YES;
				CLANG_WARN_SUSPICIOUS_MOVE = YES;
				CLANG_WARN_UNGUARDED_AVAILABILITY = YES_AGGRESSIVE;
				CLANG_WARN_UNREACHABLE_CODE = YES;
				CLANG_WARN__DUPLICATE_METHOD_MATCH = YES;
				COPY_PHASE_STRIP = NO;
				DEBUG_INFORMATION_FORMAT = dwarf;
				ENABLE_STRICT_OBJC_MSGSEND = YES;
				ENABLE_TESTABILITY = YES;
				ENABLE_USER_SCRIPT_SANDBOXING = YES;
				GCC_C_LANGUAGE_STANDARD = gnu17;
				GCC_DYNAMIC_NO_PIC = NO;
				GCC_NO_COMMON_BLOCKS = YES;
				GCC_OPTIMIZATION_LEVEL = 0;
				GCC_PREPROCESSOR_DEFINITIONS = (
					"DEBUG=1",
					"$(inherited)",
				);
				GCC_WARN_64_TO_32_BIT_CONVERSION = YES;
				GCC_WARN_ABOUT_RETURN_TYPE = YES_ERROR;
				GCC_WARN_UNDECLARED_SELECTOR = YES;
				GCC_WARN_UNINITIALIZED_AUTOS = YES_AGGRESSIVE;
				GCC_WARN_UNUSED_FUNCTION = YES;
				GCC_WARN_UNUSED_VARIABLE = YES;
				IPHONEOS_DEPLOYMENT_TARGET = 17.4;
				LOCALIZATION_PREFERS_STRING_CATALOGS = YES;
				MTL_ENABLE_DEBUG_INFO = INCLUDE_SOURCE;
				MTL_FAST_MATH = YES;
				ONLY_ACTIVE_ARCH = YES;
				SDKROOT = iphoneos;
				SWIFT_ACTIVE_COMPILATION_CONDITIONS = "DEBUG $(inherited)";
				SWIFT_OPTIMIZATION_LEVEL = "-Onone";
			};
			name = Debug;
		};
		CBAE92692BEFE3F400F9852E /* Release */ = {
			isa = XCBuildConfiguration;
			buildSettings = {
				ALWAYS_SEARCH_USER_PATHS = NO;
				ASSETCATALOG_COMPILER_GENERATE_SWIFT_ASSET_SYMBOL_EXTENSIONS = YES;
				CLANG_ANALYZER_NONNULL = YES;
				CLANG_ANALYZER_NUMBER_OBJECT_CONVERSION = YES_AGGRESSIVE;
				CLANG_CXX_LANGUAGE_STANDARD = "gnu++20";
				CLANG_ENABLE_MODULES = YES;
				CLANG_ENABLE_OBJC_ARC = YES;
				CLANG_ENABLE_OBJC_WEAK = YES;
				CLANG_WARN_BLOCK_CAPTURE_AUTORELEASING = YES;
				CLANG_WARN_BOOL_CONVERSION = YES;
				CLANG_WARN_COMMA = YES;
				CLANG_WARN_CONSTANT_CONVERSION = YES;
				CLANG_WARN_DEPRECATED_OBJC_IMPLEMENTATIONS = YES;
				CLANG_WARN_DIRECT_OBJC_ISA_USAGE = YES_ERROR;
				CLANG_WARN_DOCUMENTATION_COMMENTS = YES;
				CLANG_WARN_EMPTY_BODY = YES;
				CLANG_WARN_ENUM_CONVERSION = YES;
				CLANG_WARN_INFINITE_RECURSION = YES;
				CLANG_WARN_INT_CONVERSION = YES;
				CLANG_WARN_NON_LITERAL_NULL_CONVERSION = YES;
				CLANG_WARN_OBJC_IMPLICIT_RETAIN_SELF = YES;
				CLANG_WARN_OBJC_LITERAL_CONVERSION = YES;
				CLANG_WARN_OBJC_ROOT_CLASS = YES_ERROR;
				CLANG_WARN_QUOTED_INCLUDE_IN_FRAMEWORK_HEADER = YES;
				CLANG_WARN_RANGE_LOOP_ANALYSIS = YES;
				CLANG_WARN_STRICT_PROTOTYPES = YES;
				CLANG_WARN_SUSPICIOUS_MOVE = YES;
				CLANG_WARN_UNGUARDED_AVAILABILITY = YES_AGGRESSIVE;
				CLANG_WARN_UNREACHABLE_CODE = YES;
				CLANG_WARN__DUPLICATE_METHOD_MATCH = YES;
				COPY_PHASE_STRIP = NO;
				DEBUG_INFORMATION_FORMAT = "dwarf-with-dsym";
				ENABLE_NS_ASSERTIONS = NO;
				ENABLE_STRICT_OBJC_MSGSEND = YES;
				ENABLE_USER_SCRIPT_SANDBOXING = YES;
				GCC_C_LANGUAGE_STANDARD = gnu17;
				GCC_NO_COMMON_BLOCKS = YES;
				GCC_WARN_64_TO_32_BIT_CONVERSION = YES;
				GCC_WARN_ABOUT_RETURN_TYPE = YES_ERROR;
				GCC_WARN_UNDECLARED_SELECTOR = YES;
				GCC_WARN_UNINITIALIZED_AUTOS = YES_AGGRESSIVE;
				GCC_WARN_UNUSED_FUNCTION = YES;
				GCC_WARN_UNUSED_VARIABLE = YES;
				IPHONEOS_DEPLOYMENT_TARGET = 17.4;
				LOCALIZATION_PREFERS_STRING_CATALOGS = YES;
				MTL_ENABLE_DEBUG_INFO = NO;
				MTL_FAST_MATH = YES;
				SDKROOT = iphoneos;
				SWIFT_COMPILATION_MODE = wholemodule;
				VALIDATE_PRODUCT = YES;
			};
			name = Release;
		};
		CBAE926B2BEFE3F400F9852E /* Debug */ = {
			isa = XCBuildConfiguration;
			buildSettings = {
				ASSETCATALOG_COMPILER_APPICON_NAME = AppIcon;
				ASSETCATALOG_COMPILER_GLOBAL_ACCENT_COLOR_NAME = AccentColor;
				CODE_SIGN_STYLE = Automatic;
				CURRENT_PROJECT_VERSION = 1;
				DEVELOPMENT_ASSET_PATHS = "\"MovieBooking/Preview Content\"";
				DEVELOPMENT_TEAM = 4H489X23T8;
				ENABLE_PREVIEWS = YES;
				GENERATE_INFOPLIST_FILE = YES;
				INFOPLIST_KEY_UIApplicationSceneManifest_Generation = YES;
				INFOPLIST_KEY_UIApplicationSupportsIndirectInputEvents = YES;
				INFOPLIST_KEY_UILaunchScreen_Generation = YES;
				INFOPLIST_KEY_UISupportedInterfaceOrientations_iPad = "UIInterfaceOrientationPortrait UIInterfaceOrientationPortraitUpsideDown UIInterfaceOrientationLandscapeLeft UIInterfaceOrientationLandscapeRight";
				INFOPLIST_KEY_UISupportedInterfaceOrientations_iPhone = "UIInterfaceOrientationPortrait UIInterfaceOrientationLandscapeLeft UIInterfaceOrientationLandscapeRight";
				LD_RUNPATH_SEARCH_PATHS = (
					"$(inherited)",
					"@executable_path/Frameworks",
				);
				MARKETING_VERSION = 1.0;
				PRODUCT_BUNDLE_IDENTIFIER = chaka.MovieBooking;
				PRODUCT_NAME = "$(TARGET_NAME)";
				SWIFT_EMIT_LOC_STRINGS = YES;
				SWIFT_VERSION = 5.0;
				TARGETED_DEVICE_FAMILY = "1,2";
			};
			name = Debug;
		};
		CBAE926C2BEFE3F400F9852E /* Release */ = {
			isa = XCBuildConfiguration;
			buildSettings = {
				ASSETCATALOG_COMPILER_APPICON_NAME = AppIcon;
				ASSETCATALOG_COMPILER_GLOBAL_ACCENT_COLOR_NAME = AccentColor;
				CODE_SIGN_STYLE = Automatic;
				CURRENT_PROJECT_VERSION = 1;
				DEVELOPMENT_ASSET_PATHS = "\"MovieBooking/Preview Content\"";
				DEVELOPMENT_TEAM = 4H489X23T8;
				ENABLE_PREVIEWS = YES;
				GENERATE_INFOPLIST_FILE = YES;
				INFOPLIST_KEY_UIApplicationSceneManifest_Generation = YES;
				INFOPLIST_KEY_UIApplicationSupportsIndirectInputEvents = YES;
				INFOPLIST_KEY_UILaunchScreen_Generation = YES;
				INFOPLIST_KEY_UISupportedInterfaceOrientations_iPad = "UIInterfaceOrientationPortrait UIInterfaceOrientationPortraitUpsideDown UIInterfaceOrientationLandscapeLeft UIInterfaceOrientationLandscapeRight";
				INFOPLIST_KEY_UISupportedInterfaceOrientations_iPhone = "UIInterfaceOrientationPortrait UIInterfaceOrientationLandscapeLeft UIInterfaceOrientationLandscapeRight";
				LD_RUNPATH_SEARCH_PATHS = (
					"$(inherited)",
					"@executable_path/Frameworks",
				);
				MARKETING_VERSION = 1.0;
				PRODUCT_BUNDLE_IDENTIFIER = chaka.MovieBooking;
				PRODUCT_NAME = "$(TARGET_NAME)";
				SWIFT_EMIT_LOC_STRINGS = YES;
				SWIFT_VERSION = 5.0;
				TARGETED_DEVICE_FAMILY = "1,2";
			};
			name = Release;
		};
/* End XCBuildConfiguration section */

/* Begin XCConfigurationList section */
		CBAE92572BEFE3F200F9852E /* Build configuration list for PBXProject "MovieBooking" */ = {
			isa = XCConfigurationList;
			buildConfigurations = (
				CBAE92682BEFE3F400F9852E /* Debug */,
				CBAE92692BEFE3F400F9852E /* Release */,
			);
			defaultConfigurationIsVisible = 0;
			defaultConfigurationName = Release;
		};
		CBAE926A2BEFE3F400F9852E /* Build configuration list for PBXNativeTarget "MovieBooking" */ = {
			isa = XCConfigurationList;
			buildConfigurations = (
				CBAE926B2BEFE3F400F9852E /* Debug */,
				CBAE926C2BEFE3F400F9852E /* Release */,
			);
			defaultConfigurationIsVisible = 0;
			defaultConfigurationName = Release;
		};
/* End XCConfigurationList section */
	};
	rootObject = CBAE92542BEFE3F200F9852E /* Project object */;
}
